// !$*UTF8*$!
{
	archiveVersion = 1;
	classes = {
	};
	objectVersion = 54;
	objects = {

/* Begin PBXBuildFile section */
		00E356F31AD99517003FC87E /* loginAppTests.m in Sources */ = {isa = PBXBuildFile; fileRef = 00E356F21AD99517003FC87E /* loginAppTests.m */; };
		13B07FBC1A68108700A75B9A /* AppDelegate.m in Sources */ = {isa = PBXBuildFile; fileRef = 13B07FB01A68108700A75B9A /* AppDelegate.m */; };
		13B07FBF1A68108700A75B9A /* Images.xcassets in Resources */ = {isa = PBXBuildFile; fileRef = 13B07FB51A68108700A75B9A /* Images.xcassets */; };
		13B07FC11A68108700A75B9A /* main.m in Sources */ = {isa = PBXBuildFile; fileRef = 13B07FB71A68108700A75B9A /* main.m */; };
		81AB9BB82411601600AC10FF /* LaunchScreen.storyboard in Resources */ = {isa = PBXBuildFile; fileRef = 81AB9BB72411601600AC10FF /* LaunchScreen.storyboard */; };
		B13FA81C34B94B2DAD005D11 /* Lato-Black.ttf in Resources */ = {isa = PBXBuildFile; fileRef = 23E513B3B9654CBA8C6A9A1A /* Lato-Black.ttf */; };
		575733AAE02845B48C885461 /* Lato-BlackItalic.ttf in Resources */ = {isa = PBXBuildFile; fileRef = D5485D391D7E4C35B13F27EA /* Lato-BlackItalic.ttf */; };
		64B663AD0027439EA868C53F /* Lato-Bold.ttf in Resources */ = {isa = PBXBuildFile; fileRef = F6464030C74C4A5BA86D3C9A /* Lato-Bold.ttf */; };
		A59FC211846248758A160DC1 /* Lato-BoldItalic.ttf in Resources */ = {isa = PBXBuildFile; fileRef = 932FB5D597AE4722BBEEC6D3 /* Lato-BoldItalic.ttf */; };
		CACEAB9FC6D8487BB444A350 /* Lato-Italic.ttf in Resources */ = {isa = PBXBuildFile; fileRef = 73D8FA49C01748BB97B8CDD5 /* Lato-Italic.ttf */; };
		17133A84180D48C8A3DEC49F /* Lato-Light.ttf in Resources */ = {isa = PBXBuildFile; fileRef = 7E0C5D88883446A9BBC7E7BF /* Lato-Light.ttf */; };
		A23CE79AD88B4948BC40D4DB /* Lato-LightItalic.ttf in Resources */ = {isa = PBXBuildFile; fileRef = 79D17E380BC84C5FB07F040E /* Lato-LightItalic.ttf */; };
		69ECFFFAAD24407085E1F8FD /* Lato-Regular.ttf in Resources */ = {isa = PBXBuildFile; fileRef = 5ED040013A354080B0BFCE9C /* Lato-Regular.ttf */; };
		F7E8E0D4F6584689ABE6ED2E /* Lato-Thin.ttf in Resources */ = {isa = PBXBuildFile; fileRef = D46276E929DA452CAAE0C5C3 /* Lato-Thin.ttf */; };
		407CA0462FFB4C1380782F38 /* Lato-ThinItalic.ttf in Resources */ = {isa = PBXBuildFile; fileRef = 5B1BCE199A63449892C20286 /* Lato-ThinItalic.ttf */; };
		820FBA1CE78946F8AAF9ECF4 /* Poppins-Black.ttf in Resources */ = {isa = PBXBuildFile; fileRef = 33741C7605F6434C93024C3D /* Poppins-Black.ttf */; };
		DCC876B07B834553967F7C53 /* Poppins-BlackItalic.ttf in Resources */ = {isa = PBXBuildFile; fileRef = 9A2D059A2C2A4B0581EA9594 /* Poppins-BlackItalic.ttf */; };
		17A392C621114097A30D3F1A /* Poppins-Bold.ttf in Resources */ = {isa = PBXBuildFile; fileRef = DC887ADA13E84A5BA3F6FEAB /* Poppins-Bold.ttf */; };
		06BDC1E8D2494A6287AEC76F /* Poppins-BoldItalic.ttf in Resources */ = {isa = PBXBuildFile; fileRef = 30173F142F4F4990A5EBE75E /* Poppins-BoldItalic.ttf */; };
		C8E252C89A424D419D98F9C0 /* Poppins-ExtraBold.ttf in Resources */ = {isa = PBXBuildFile; fileRef = 588794FCA8904EB89F22ED99 /* Poppins-ExtraBold.ttf */; };
		7F7113E9CABA49489E801A3A /* Poppins-ExtraBoldItalic.ttf in Resources */ = {isa = PBXBuildFile; fileRef = 2C0BF8EFB1E04CB38361E0FE /* Poppins-ExtraBoldItalic.ttf */; };
		C4F83B4606D84E299E9DF81F /* Poppins-ExtraLight.ttf in Resources */ = {isa = PBXBuildFile; fileRef = D72F2B2C13634F44A285FD76 /* Poppins-ExtraLight.ttf */; };
		386A2231CB77478DB0B2DF86 /* Poppins-ExtraLightItalic.ttf in Resources */ = {isa = PBXBuildFile; fileRef = E21EEC44A0A649449F42AE04 /* Poppins-ExtraLightItalic.ttf */; };
		B8D8935A089C4399A0BD4812 /* Poppins-Italic.ttf in Resources */ = {isa = PBXBuildFile; fileRef = 190B1A622192443985413887 /* Poppins-Italic.ttf */; };
		C43236714D494EE69A0663F7 /* Poppins-Light.ttf in Resources */ = {isa = PBXBuildFile; fileRef = A73B77B5888748F8B4B185AB /* Poppins-Light.ttf */; };
		60EC815B09844D20927FA15D /* Poppins-LightItalic.ttf in Resources */ = {isa = PBXBuildFile; fileRef = 6C1BA37BDA8F441DAC962BAC /* Poppins-LightItalic.ttf */; };
		EB267BD1CBE44014ACF3A31D /* Poppins-Medium.ttf in Resources */ = {isa = PBXBuildFile; fileRef = 28E0BA69A86D451E8EFB543F /* Poppins-Medium.ttf */; };
		B2E07E1555F244EDB0A7C48E /* Poppins-MediumItalic.ttf in Resources */ = {isa = PBXBuildFile; fileRef = 39CEDDA1ECF64DA5816837DC /* Poppins-MediumItalic.ttf */; };
		8C4A3845124943BF91603983 /* Poppins-Regular.ttf in Resources */ = {isa = PBXBuildFile; fileRef = 66D8B294968942D4BFA975BC /* Poppins-Regular.ttf */; };
		FE0F20E277DD4E60BD7A1A51 /* Poppins-SemiBold.ttf in Resources */ = {isa = PBXBuildFile; fileRef = E32ECED172CD4EE1B3A80F65 /* Poppins-SemiBold.ttf */; };
		581A634D5DDF49CCB5A9C0C6 /* Poppins-SemiBoldItalic.ttf in Resources */ = {isa = PBXBuildFile; fileRef = 3BD0FAFE5B6E4D699B884B70 /* Poppins-SemiBoldItalic.ttf */; };
		175E0865DEC24B3390C41EFA /* Poppins-Thin.ttf in Resources */ = {isa = PBXBuildFile; fileRef = 140E67B1A8EA4DD3A3EB3E7D /* Poppins-Thin.ttf */; };
		B3613AA26A4C43D8BB9DFDCF /* Poppins-ThinItalic.ttf in Resources */ = {isa = PBXBuildFile; fileRef = 35CF81A7595F4F9192D3BBB6 /* Poppins-ThinItalic.ttf */; };
		3DC664FC39794A1BA81F051F /* AntDesign.ttf in Resources */ = {isa = PBXBuildFile; fileRef = C6C0B4A53D1848699591DF5F /* AntDesign.ttf */; };
		0207C6FC284242ECB2991BAB /* Entypo.ttf in Resources */ = {isa = PBXBuildFile; fileRef = 99CEA8CF15FA4E16A813B7ED /* Entypo.ttf */; };
		C49BF6F42FC64BFC97DCD9E1 /* EvilIcons.ttf in Resources */ = {isa = PBXBuildFile; fileRef = 8BD4A332F9874CBFB5644D09 /* EvilIcons.ttf */; };
		D556C49BDD384652BCE57DE5 /* Feather.ttf in Resources */ = {isa = PBXBuildFile; fileRef = 9935A2F6FC35409C93CD7453 /* Feather.ttf */; };
		AE5BF27FA1EB458A992625BD /* FontAwesome.ttf in Resources */ = {isa = PBXBuildFile; fileRef = BEA12ECBCD3944FCAF92B4F7 /* FontAwesome.ttf */; };
		3EB8F3CC374748E1A8F40B1D /* FontAwesome5_Brands.ttf in Resources */ = {isa = PBXBuildFile; fileRef = AFBADCC959DD416C84DD7EEA /* FontAwesome5_Brands.ttf */; };
		DF356AF97A3F494CB4F6CA26 /* FontAwesome5_Regular.ttf in Resources */ = {isa = PBXBuildFile; fileRef = AB8EA0BC24F34F5D8C611542 /* FontAwesome5_Regular.ttf */; };
		D309BF0E26F1438DAAA17B48 /* FontAwesome5_Solid.ttf in Resources */ = {isa = PBXBuildFile; fileRef = 0BA4E9D556B646F2A0CF4B5A /* FontAwesome5_Solid.ttf */; };
		97CD5FBF66C14EA49C17976A /* Fontisto.ttf in Resources */ = {isa = PBXBuildFile; fileRef = 856BD76A7EE94492A2DD482C /* Fontisto.ttf */; };
		A8CE701A97204594B333D953 /* Foundation.ttf in Resources */ = {isa = PBXBuildFile; fileRef = 8D70D4B334D6446EB931C8F5 /* Foundation.ttf */; };
		E80D4B5614A446ADBB2B4DC2 /* Ionicons.ttf in Resources */ = {isa = PBXBuildFile; fileRef = 9A88A3BB982947D698ECE991 /* Ionicons.ttf */; };
		6E56CE3E1D704812B983E08E /* MaterialCommunityIcons.ttf in Resources */ = {isa = PBXBuildFile; fileRef = 0B70AE73BA3C42A2B6E2913E /* MaterialCommunityIcons.ttf */; };
		7B0FCB7315AE47558AF3705B /* MaterialIcons.ttf in Resources */ = {isa = PBXBuildFile; fileRef = 15F3C9704430426587EEA36C /* MaterialIcons.ttf */; };
		4D29534299FF4EB0A4926FF9 /* Octicons.ttf in Resources */ = {isa = PBXBuildFile; fileRef = FA3B3A3EDBB04821BFBC3985 /* Octicons.ttf */; };
		0548ADC1FD7A4AAF96A38EF3 /* SimpleLineIcons.ttf in Resources */ = {isa = PBXBuildFile; fileRef = 893009A3C2204D1BAD102ADA /* SimpleLineIcons.ttf */; };
		9600D1632AF346978F295445 /* Zocial.ttf in Resources */ = {isa = PBXBuildFile; fileRef = 279DE60E14FA404FB2E4B8DA /* Zocial.ttf */; };
/* End PBXBuildFile section */

/* Begin PBXContainerItemProxy section */
		00E356F41AD99517003FC87E /* PBXContainerItemProxy */ = {
			isa = PBXContainerItemProxy;
			containerPortal = 83CBB9F71A601CBA00E9B192 /* Project object */;
			proxyType = 1;
			remoteGlobalIDString = 13B07F861A680F5B00A75B9A;
			remoteInfo = loginApp;
		};
/* End PBXContainerItemProxy section */

/* Begin PBXFileReference section */
		00E356EE1AD99517003FC87E /* loginAppTests.xctest */ = {isa = PBXFileReference; explicitFileType = wrapper.cfbundle; includeInIndex = 0; path = loginAppTests.xctest; sourceTree = BUILT_PRODUCTS_DIR; };
		00E356F11AD99517003FC87E /* Info.plist */ = {isa = PBXFileReference; lastKnownFileType = text.plist.xml; path = Info.plist; sourceTree = "<group>"; };
		00E356F21AD99517003FC87E /* loginAppTests.m */ = {isa = PBXFileReference; lastKnownFileType = sourcecode.c.objc; path = loginAppTests.m; sourceTree = "<group>"; };
		13B07F961A680F5B00A75B9A /* loginApp.app */ = {isa = PBXFileReference; explicitFileType = wrapper.application; includeInIndex = 0; path = loginApp.app; sourceTree = BUILT_PRODUCTS_DIR; };
		13B07FAF1A68108700A75B9A /* AppDelegate.h */ = {isa = PBXFileReference; fileEncoding = 4; lastKnownFileType = sourcecode.c.h; name = AppDelegate.h; path = loginApp/AppDelegate.h; sourceTree = "<group>"; };
		13B07FB01A68108700A75B9A /* AppDelegate.m */ = {isa = PBXFileReference; fileEncoding = 4; lastKnownFileType = sourcecode.c.objc; name = AppDelegate.m; path = loginApp/AppDelegate.m; sourceTree = "<group>"; };
		13B07FB51A68108700A75B9A /* Images.xcassets */ = {isa = PBXFileReference; lastKnownFileType = folder.assetcatalog; name = Images.xcassets; path = loginApp/Images.xcassets; sourceTree = "<group>"; };
		13B07FB61A68108700A75B9A /* Info.plist */ = {isa = PBXFileReference; fileEncoding = 4; lastKnownFileType = text.plist.xml; name = Info.plist; path = loginApp/Info.plist; sourceTree = "<group>"; };
		13B07FB71A68108700A75B9A /* main.m */ = {isa = PBXFileReference; fileEncoding = 4; lastKnownFileType = sourcecode.c.objc; name = main.m; path = loginApp/main.m; sourceTree = "<group>"; };
		81AB9BB72411601600AC10FF /* LaunchScreen.storyboard */ = {isa = PBXFileReference; fileEncoding = 4; lastKnownFileType = file.storyboard; name = LaunchScreen.storyboard; path = loginApp/LaunchScreen.storyboard; sourceTree = "<group>"; };
		ED297162215061F000B7C4FE /* JavaScriptCore.framework */ = {isa = PBXFileReference; lastKnownFileType = wrapper.framework; name = JavaScriptCore.framework; path = System/Library/Frameworks/JavaScriptCore.framework; sourceTree = SDKROOT; };
		23E513B3B9654CBA8C6A9A1A /* Lato-Black.ttf */ = {isa = PBXFileReference; name = "Lato-Black.ttf"; path = "../src/assets/Fonts/Lato-Black.ttf"; sourceTree = "<group>"; fileEncoding = undefined; lastKnownFileType = unknown; explicitFileType = undefined; includeInIndex = 0; };
		D5485D391D7E4C35B13F27EA /* Lato-BlackItalic.ttf */ = {isa = PBXFileReference; name = "Lato-BlackItalic.ttf"; path = "../src/assets/Fonts/Lato-BlackItalic.ttf"; sourceTree = "<group>"; fileEncoding = undefined; lastKnownFileType = unknown; explicitFileType = undefined; includeInIndex = 0; };
		F6464030C74C4A5BA86D3C9A /* Lato-Bold.ttf */ = {isa = PBXFileReference; name = "Lato-Bold.ttf"; path = "../src/assets/Fonts/Lato-Bold.ttf"; sourceTree = "<group>"; fileEncoding = undefined; lastKnownFileType = unknown; explicitFileType = undefined; includeInIndex = 0; };
		932FB5D597AE4722BBEEC6D3 /* Lato-BoldItalic.ttf */ = {isa = PBXFileReference; name = "Lato-BoldItalic.ttf"; path = "../src/assets/Fonts/Lato-BoldItalic.ttf"; sourceTree = "<group>"; fileEncoding = undefined; lastKnownFileType = unknown; explicitFileType = undefined; includeInIndex = 0; };
		73D8FA49C01748BB97B8CDD5 /* Lato-Italic.ttf */ = {isa = PBXFileReference; name = "Lato-Italic.ttf"; path = "../src/assets/Fonts/Lato-Italic.ttf"; sourceTree = "<group>"; fileEncoding = undefined; lastKnownFileType = unknown; explicitFileType = undefined; includeInIndex = 0; };
		7E0C5D88883446A9BBC7E7BF /* Lato-Light.ttf */ = {isa = PBXFileReference; name = "Lato-Light.ttf"; path = "../src/assets/Fonts/Lato-Light.ttf"; sourceTree = "<group>"; fileEncoding = undefined; lastKnownFileType = unknown; explicitFileType = undefined; includeInIndex = 0; };
		79D17E380BC84C5FB07F040E /* Lato-LightItalic.ttf */ = {isa = PBXFileReference; name = "Lato-LightItalic.ttf"; path = "../src/assets/Fonts/Lato-LightItalic.ttf"; sourceTree = "<group>"; fileEncoding = undefined; lastKnownFileType = unknown; explicitFileType = undefined; includeInIndex = 0; };
		5ED040013A354080B0BFCE9C /* Lato-Regular.ttf */ = {isa = PBXFileReference; name = "Lato-Regular.ttf"; path = "../src/assets/Fonts/Lato-Regular.ttf"; sourceTree = "<group>"; fileEncoding = undefined; lastKnownFileType = unknown; explicitFileType = undefined; includeInIndex = 0; };
		D46276E929DA452CAAE0C5C3 /* Lato-Thin.ttf */ = {isa = PBXFileReference; name = "Lato-Thin.ttf"; path = "../src/assets/Fonts/Lato-Thin.ttf"; sourceTree = "<group>"; fileEncoding = undefined; lastKnownFileType = unknown; explicitFileType = undefined; includeInIndex = 0; };
		5B1BCE199A63449892C20286 /* Lato-ThinItalic.ttf */ = {isa = PBXFileReference; name = "Lato-ThinItalic.ttf"; path = "../src/assets/Fonts/Lato-ThinItalic.ttf"; sourceTree = "<group>"; fileEncoding = undefined; lastKnownFileType = unknown; explicitFileType = undefined; includeInIndex = 0; };
		33741C7605F6434C93024C3D /* Poppins-Black.ttf */ = {isa = PBXFileReference; name = "Poppins-Black.ttf"; path = "../src/assets/Fonts/Poppins-Black.ttf"; sourceTree = "<group>"; fileEncoding = undefined; lastKnownFileType = unknown; explicitFileType = undefined; includeInIndex = 0; };
		9A2D059A2C2A4B0581EA9594 /* Poppins-BlackItalic.ttf */ = {isa = PBXFileReference; name = "Poppins-BlackItalic.ttf"; path = "../src/assets/Fonts/Poppins-BlackItalic.ttf"; sourceTree = "<group>"; fileEncoding = undefined; lastKnownFileType = unknown; explicitFileType = undefined; includeInIndex = 0; };
		DC887ADA13E84A5BA3F6FEAB /* Poppins-Bold.ttf */ = {isa = PBXFileReference; name = "Poppins-Bold.ttf"; path = "../src/assets/Fonts/Poppins-Bold.ttf"; sourceTree = "<group>"; fileEncoding = undefined; lastKnownFileType = unknown; explicitFileType = undefined; includeInIndex = 0; };
		30173F142F4F4990A5EBE75E /* Poppins-BoldItalic.ttf */ = {isa = PBXFileReference; name = "Poppins-BoldItalic.ttf"; path = "../src/assets/Fonts/Poppins-BoldItalic.ttf"; sourceTree = "<group>"; fileEncoding = undefined; lastKnownFileType = unknown; explicitFileType = undefined; includeInIndex = 0; };
		588794FCA8904EB89F22ED99 /* Poppins-ExtraBold.ttf */ = {isa = PBXFileReference; name = "Poppins-ExtraBold.ttf"; path = "../src/assets/Fonts/Poppins-ExtraBold.ttf"; sourceTree = "<group>"; fileEncoding = undefined; lastKnownFileType = unknown; explicitFileType = undefined; includeInIndex = 0; };
		2C0BF8EFB1E04CB38361E0FE /* Poppins-ExtraBoldItalic.ttf */ = {isa = PBXFileReference; name = "Poppins-ExtraBoldItalic.ttf"; path = "../src/assets/Fonts/Poppins-ExtraBoldItalic.ttf"; sourceTree = "<group>"; fileEncoding = undefined; lastKnownFileType = unknown; explicitFileType = undefined; includeInIndex = 0; };
		D72F2B2C13634F44A285FD76 /* Poppins-ExtraLight.ttf */ = {isa = PBXFileReference; name = "Poppins-ExtraLight.ttf"; path = "../src/assets/Fonts/Poppins-ExtraLight.ttf"; sourceTree = "<group>"; fileEncoding = undefined; lastKnownFileType = unknown; explicitFileType = undefined; includeInIndex = 0; };
		E21EEC44A0A649449F42AE04 /* Poppins-ExtraLightItalic.ttf */ = {isa = PBXFileReference; name = "Poppins-ExtraLightItalic.ttf"; path = "../src/assets/Fonts/Poppins-ExtraLightItalic.ttf"; sourceTree = "<group>"; fileEncoding = undefined; lastKnownFileType = unknown; explicitFileType = undefined; includeInIndex = 0; };
		190B1A622192443985413887 /* Poppins-Italic.ttf */ = {isa = PBXFileReference; name = "Poppins-Italic.ttf"; path = "../src/assets/Fonts/Poppins-Italic.ttf"; sourceTree = "<group>"; fileEncoding = undefined; lastKnownFileType = unknown; explicitFileType = undefined; includeInIndex = 0; };
		A73B77B5888748F8B4B185AB /* Poppins-Light.ttf */ = {isa = PBXFileReference; name = "Poppins-Light.ttf"; path = "../src/assets/Fonts/Poppins-Light.ttf"; sourceTree = "<group>"; fileEncoding = undefined; lastKnownFileType = unknown; explicitFileType = undefined; includeInIndex = 0; };
		6C1BA37BDA8F441DAC962BAC /* Poppins-LightItalic.ttf */ = {isa = PBXFileReference; name = "Poppins-LightItalic.ttf"; path = "../src/assets/Fonts/Poppins-LightItalic.ttf"; sourceTree = "<group>"; fileEncoding = undefined; lastKnownFileType = unknown; explicitFileType = undefined; includeInIndex = 0; };
		28E0BA69A86D451E8EFB543F /* Poppins-Medium.ttf */ = {isa = PBXFileReference; name = "Poppins-Medium.ttf"; path = "../src/assets/Fonts/Poppins-Medium.ttf"; sourceTree = "<group>"; fileEncoding = undefined; lastKnownFileType = unknown; explicitFileType = undefined; includeInIndex = 0; };
		39CEDDA1ECF64DA5816837DC /* Poppins-MediumItalic.ttf */ = {isa = PBXFileReference; name = "Poppins-MediumItalic.ttf"; path = "../src/assets/Fonts/Poppins-MediumItalic.ttf"; sourceTree = "<group>"; fileEncoding = undefined; lastKnownFileType = unknown; explicitFileType = undefined; includeInIndex = 0; };
		66D8B294968942D4BFA975BC /* Poppins-Regular.ttf */ = {isa = PBXFileReference; name = "Poppins-Regular.ttf"; path = "../src/assets/Fonts/Poppins-Regular.ttf"; sourceTree = "<group>"; fileEncoding = undefined; lastKnownFileType = unknown; explicitFileType = undefined; includeInIndex = 0; };
		E32ECED172CD4EE1B3A80F65 /* Poppins-SemiBold.ttf */ = {isa = PBXFileReference; name = "Poppins-SemiBold.ttf"; path = "../src/assets/Fonts/Poppins-SemiBold.ttf"; sourceTree = "<group>"; fileEncoding = undefined; lastKnownFileType = unknown; explicitFileType = undefined; includeInIndex = 0; };
		3BD0FAFE5B6E4D699B884B70 /* Poppins-SemiBoldItalic.ttf */ = {isa = PBXFileReference; name = "Poppins-SemiBoldItalic.ttf"; path = "../src/assets/Fonts/Poppins-SemiBoldItalic.ttf"; sourceTree = "<group>"; fileEncoding = undefined; lastKnownFileType = unknown; explicitFileType = undefined; includeInIndex = 0; };
		140E67B1A8EA4DD3A3EB3E7D /* Poppins-Thin.ttf */ = {isa = PBXFileReference; name = "Poppins-Thin.ttf"; path = "../src/assets/Fonts/Poppins-Thin.ttf"; sourceTree = "<group>"; fileEncoding = undefined; lastKnownFileType = unknown; explicitFileType = undefined; includeInIndex = 0; };
		35CF81A7595F4F9192D3BBB6 /* Poppins-ThinItalic.ttf */ = {isa = PBXFileReference; name = "Poppins-ThinItalic.ttf"; path = "../src/assets/Fonts/Poppins-ThinItalic.ttf"; sourceTree = "<group>"; fileEncoding = undefined; lastKnownFileType = unknown; explicitFileType = undefined; includeInIndex = 0; };
		C6C0B4A53D1848699591DF5F /* AntDesign.ttf */ = {isa = PBXFileReference; name = "AntDesign.ttf"; path = "../node_modules/react-native-vector-icons/Fonts/AntDesign.ttf"; sourceTree = "<group>"; fileEncoding = undefined; lastKnownFileType = unknown; explicitFileType = undefined; includeInIndex = 0; };
		99CEA8CF15FA4E16A813B7ED /* Entypo.ttf */ = {isa = PBXFileReference; name = "Entypo.ttf"; path = "../node_modules/react-native-vector-icons/Fonts/Entypo.ttf"; sourceTree = "<group>"; fileEncoding = undefined; lastKnownFileType = unknown; explicitFileType = undefined; includeInIndex = 0; };
		8BD4A332F9874CBFB5644D09 /* EvilIcons.ttf */ = {isa = PBXFileReference; name = "EvilIcons.ttf"; path = "../node_modules/react-native-vector-icons/Fonts/EvilIcons.ttf"; sourceTree = "<group>"; fileEncoding = undefined; lastKnownFileType = unknown; explicitFileType = undefined; includeInIndex = 0; };
		9935A2F6FC35409C93CD7453 /* Feather.ttf */ = {isa = PBXFileReference; name = "Feather.ttf"; path = "../node_modules/react-native-vector-icons/Fonts/Feather.ttf"; sourceTree = "<group>"; fileEncoding = undefined; lastKnownFileType = unknown; explicitFileType = undefined; includeInIndex = 0; };
		BEA12ECBCD3944FCAF92B4F7 /* FontAwesome.ttf */ = {isa = PBXFileReference; name = "FontAwesome.ttf"; path = "../node_modules/react-native-vector-icons/Fonts/FontAwesome.ttf"; sourceTree = "<group>"; fileEncoding = undefined; lastKnownFileType = unknown; explicitFileType = undefined; includeInIndex = 0; };
		AFBADCC959DD416C84DD7EEA /* FontAwesome5_Brands.ttf */ = {isa = PBXFileReference; name = "FontAwesome5_Brands.ttf"; path = "../node_modules/react-native-vector-icons/Fonts/FontAwesome5_Brands.ttf"; sourceTree = "<group>"; fileEncoding = undefined; lastKnownFileType = unknown; explicitFileType = undefined; includeInIndex = 0; };
		AB8EA0BC24F34F5D8C611542 /* FontAwesome5_Regular.ttf */ = {isa = PBXFileReference; name = "FontAwesome5_Regular.ttf"; path = "../node_modules/react-native-vector-icons/Fonts/FontAwesome5_Regular.ttf"; sourceTree = "<group>"; fileEncoding = undefined; lastKnownFileType = unknown; explicitFileType = undefined; includeInIndex = 0; };
		0BA4E9D556B646F2A0CF4B5A /* FontAwesome5_Solid.ttf */ = {isa = PBXFileReference; name = "FontAwesome5_Solid.ttf"; path = "../node_modules/react-native-vector-icons/Fonts/FontAwesome5_Solid.ttf"; sourceTree = "<group>"; fileEncoding = undefined; lastKnownFileType = unknown; explicitFileType = undefined; includeInIndex = 0; };
		856BD76A7EE94492A2DD482C /* Fontisto.ttf */ = {isa = PBXFileReference; name = "Fontisto.ttf"; path = "../node_modules/react-native-vector-icons/Fonts/Fontisto.ttf"; sourceTree = "<group>"; fileEncoding = undefined; lastKnownFileType = unknown; explicitFileType = undefined; includeInIndex = 0; };
		8D70D4B334D6446EB931C8F5 /* Foundation.ttf */ = {isa = PBXFileReference; name = "Foundation.ttf"; path = "../node_modules/react-native-vector-icons/Fonts/Foundation.ttf"; sourceTree = "<group>"; fileEncoding = undefined; lastKnownFileType = unknown; explicitFileType = undefined; includeInIndex = 0; };
		9A88A3BB982947D698ECE991 /* Ionicons.ttf */ = {isa = PBXFileReference; name = "Ionicons.ttf"; path = "../node_modules/react-native-vector-icons/Fonts/Ionicons.ttf"; sourceTree = "<group>"; fileEncoding = undefined; lastKnownFileType = unknown; explicitFileType = undefined; includeInIndex = 0; };
		0B70AE73BA3C42A2B6E2913E /* MaterialCommunityIcons.ttf */ = {isa = PBXFileReference; name = "MaterialCommunityIcons.ttf"; path = "../node_modules/react-native-vector-icons/Fonts/MaterialCommunityIcons.ttf"; sourceTree = "<group>"; fileEncoding = undefined; lastKnownFileType = unknown; explicitFileType = undefined; includeInIndex = 0; };
		15F3C9704430426587EEA36C /* MaterialIcons.ttf */ = {isa = PBXFileReference; name = "MaterialIcons.ttf"; path = "../node_modules/react-native-vector-icons/Fonts/MaterialIcons.ttf"; sourceTree = "<group>"; fileEncoding = undefined; lastKnownFileType = unknown; explicitFileType = undefined; includeInIndex = 0; };
		FA3B3A3EDBB04821BFBC3985 /* Octicons.ttf */ = {isa = PBXFileReference; name = "Octicons.ttf"; path = "../node_modules/react-native-vector-icons/Fonts/Octicons.ttf"; sourceTree = "<group>"; fileEncoding = undefined; lastKnownFileType = unknown; explicitFileType = undefined; includeInIndex = 0; };
		893009A3C2204D1BAD102ADA /* SimpleLineIcons.ttf */ = {isa = PBXFileReference; name = "SimpleLineIcons.ttf"; path = "../node_modules/react-native-vector-icons/Fonts/SimpleLineIcons.ttf"; sourceTree = "<group>"; fileEncoding = undefined; lastKnownFileType = unknown; explicitFileType = undefined; includeInIndex = 0; };
		279DE60E14FA404FB2E4B8DA /* Zocial.ttf */ = {isa = PBXFileReference; name = "Zocial.ttf"; path = "../node_modules/react-native-vector-icons/Fonts/Zocial.ttf"; sourceTree = "<group>"; fileEncoding = undefined; lastKnownFileType = unknown; explicitFileType = undefined; includeInIndex = 0; };
/* End PBXFileReference section */

/* Begin PBXFrameworksBuildPhase section */
		00E356EB1AD99517003FC87E /* Frameworks */ = {
			isa = PBXFrameworksBuildPhase;
			buildActionMask = 2147483647;
			files = (
			);
			runOnlyForDeploymentPostprocessing = 0;
		};
		13B07F8C1A680F5B00A75B9A /* Frameworks */ = {
			isa = PBXFrameworksBuildPhase;
			buildActionMask = 2147483647;
			files = (
			);
			runOnlyForDeploymentPostprocessing = 0;
		};
/* End PBXFrameworksBuildPhase section */

/* Begin PBXGroup section */
		00E356EF1AD99517003FC87E /* loginAppTests */ = {
			isa = PBXGroup;
			children = (
				00E356F21AD99517003FC87E /* loginAppTests.m */,
				00E356F01AD99517003FC87E /* Supporting Files */,
			);
			path = loginAppTests;
			sourceTree = "<group>";
		};
		00E356F01AD99517003FC87E /* Supporting Files */ = {
			isa = PBXGroup;
			children = (
				00E356F11AD99517003FC87E /* Info.plist */,
			);
			name = "Supporting Files";
			sourceTree = "<group>";
		};
		13B07FAE1A68108700A75B9A /* loginApp */ = {
			isa = PBXGroup;
			children = (
				13B07FAF1A68108700A75B9A /* AppDelegate.h */,
				13B07FB01A68108700A75B9A /* AppDelegate.m */,
				13B07FB51A68108700A75B9A /* Images.xcassets */,
				13B07FB61A68108700A75B9A /* Info.plist */,
				81AB9BB72411601600AC10FF /* LaunchScreen.storyboard */,
				13B07FB71A68108700A75B9A /* main.m */,
			);
			name = loginApp;
			sourceTree = "<group>";
		};
		2D16E6871FA4F8E400B85C8A /* Frameworks */ = {
			isa = PBXGroup;
			children = (
				ED297162215061F000B7C4FE /* JavaScriptCore.framework */,
			);
			name = Frameworks;
			sourceTree = "<group>";
		};
		832341AE1AAA6A7D00B99B32 /* Libraries */ = {
			isa = PBXGroup;
			children = (
			);
			name = Libraries;
			sourceTree = "<group>";
		};
		83CBB9F61A601CBA00E9B192 = {
			isa = PBXGroup;
			children = (
				13B07FAE1A68108700A75B9A /* loginApp */,
				832341AE1AAA6A7D00B99B32 /* Libraries */,
				00E356EF1AD99517003FC87E /* loginAppTests */,
				83CBBA001A601CBA00E9B192 /* Products */,
				2D16E6871FA4F8E400B85C8A /* Frameworks */,
				7E38A8D0241C464D99955D27 /* Resources */,
			);
			indentWidth = 2;
			sourceTree = "<group>";
			tabWidth = 2;
			usesTabs = 0;
		};
		83CBBA001A601CBA00E9B192 /* Products */ = {
			isa = PBXGroup;
			children = (
				13B07F961A680F5B00A75B9A /* loginApp.app */,
				00E356EE1AD99517003FC87E /* loginAppTests.xctest */,
			);
			name = Products;
			sourceTree = "<group>";
		};
		7E38A8D0241C464D99955D27 /* Resources */ = {
			isa = "PBXGroup";
			children = (
				23E513B3B9654CBA8C6A9A1A /* Lato-Black.ttf */,
				D5485D391D7E4C35B13F27EA /* Lato-BlackItalic.ttf */,
				F6464030C74C4A5BA86D3C9A /* Lato-Bold.ttf */,
				932FB5D597AE4722BBEEC6D3 /* Lato-BoldItalic.ttf */,
				73D8FA49C01748BB97B8CDD5 /* Lato-Italic.ttf */,
				7E0C5D88883446A9BBC7E7BF /* Lato-Light.ttf */,
				79D17E380BC84C5FB07F040E /* Lato-LightItalic.ttf */,
				5ED040013A354080B0BFCE9C /* Lato-Regular.ttf */,
				D46276E929DA452CAAE0C5C3 /* Lato-Thin.ttf */,
				5B1BCE199A63449892C20286 /* Lato-ThinItalic.ttf */,
				33741C7605F6434C93024C3D /* Poppins-Black.ttf */,
				9A2D059A2C2A4B0581EA9594 /* Poppins-BlackItalic.ttf */,
				DC887ADA13E84A5BA3F6FEAB /* Poppins-Bold.ttf */,
				30173F142F4F4990A5EBE75E /* Poppins-BoldItalic.ttf */,
				588794FCA8904EB89F22ED99 /* Poppins-ExtraBold.ttf */,
				2C0BF8EFB1E04CB38361E0FE /* Poppins-ExtraBoldItalic.ttf */,
				D72F2B2C13634F44A285FD76 /* Poppins-ExtraLight.ttf */,
				E21EEC44A0A649449F42AE04 /* Poppins-ExtraLightItalic.ttf */,
				190B1A622192443985413887 /* Poppins-Italic.ttf */,
				A73B77B5888748F8B4B185AB /* Poppins-Light.ttf */,
				6C1BA37BDA8F441DAC962BAC /* Poppins-LightItalic.ttf */,
				28E0BA69A86D451E8EFB543F /* Poppins-Medium.ttf */,
				39CEDDA1ECF64DA5816837DC /* Poppins-MediumItalic.ttf */,
				66D8B294968942D4BFA975BC /* Poppins-Regular.ttf */,
				E32ECED172CD4EE1B3A80F65 /* Poppins-SemiBold.ttf */,
				3BD0FAFE5B6E4D699B884B70 /* Poppins-SemiBoldItalic.ttf */,
				140E67B1A8EA4DD3A3EB3E7D /* Poppins-Thin.ttf */,
				35CF81A7595F4F9192D3BBB6 /* Poppins-ThinItalic.ttf */,
				C6C0B4A53D1848699591DF5F /* AntDesign.ttf */,
				99CEA8CF15FA4E16A813B7ED /* Entypo.ttf */,
				8BD4A332F9874CBFB5644D09 /* EvilIcons.ttf */,
				9935A2F6FC35409C93CD7453 /* Feather.ttf */,
				BEA12ECBCD3944FCAF92B4F7 /* FontAwesome.ttf */,
				AFBADCC959DD416C84DD7EEA /* FontAwesome5_Brands.ttf */,
				AB8EA0BC24F34F5D8C611542 /* FontAwesome5_Regular.ttf */,
				0BA4E9D556B646F2A0CF4B5A /* FontAwesome5_Solid.ttf */,
				856BD76A7EE94492A2DD482C /* Fontisto.ttf */,
				8D70D4B334D6446EB931C8F5 /* Foundation.ttf */,
				9A88A3BB982947D698ECE991 /* Ionicons.ttf */,
				0B70AE73BA3C42A2B6E2913E /* MaterialCommunityIcons.ttf */,
				15F3C9704430426587EEA36C /* MaterialIcons.ttf */,
				FA3B3A3EDBB04821BFBC3985 /* Octicons.ttf */,
				893009A3C2204D1BAD102ADA /* SimpleLineIcons.ttf */,
				279DE60E14FA404FB2E4B8DA /* Zocial.ttf */,
			);
			name = Resources;
			sourceTree = "<group>";
			path = "";
		};
/* End PBXGroup section */

/* Begin PBXNativeTarget section */
		00E356ED1AD99517003FC87E /* loginAppTests */ = {
			isa = PBXNativeTarget;
			buildConfigurationList = 00E357021AD99517003FC87E /* Build configuration list for PBXNativeTarget "loginAppTests" */;
			buildPhases = (
				00E356EA1AD99517003FC87E /* Sources */,
				00E356EB1AD99517003FC87E /* Frameworks */,
				00E356EC1AD99517003FC87E /* Resources */,
			);
			buildRules = (
			);
			dependencies = (
				00E356F51AD99517003FC87E /* PBXTargetDependency */,
			);
			name = loginAppTests;
			productName = loginAppTests;
			productReference = 00E356EE1AD99517003FC87E /* loginAppTests.xctest */;
			productType = "com.apple.product-type.bundle.unit-test";
		};
		13B07F861A680F5B00A75B9A /* loginApp */ = {
			isa = PBXNativeTarget;
			buildConfigurationList = 13B07F931A680F5B00A75B9A /* Build configuration list for PBXNativeTarget "loginApp" */;
			buildPhases = (
				FD10A7F022414F080027D42C /* Start Packager */,
				13B07F871A680F5B00A75B9A /* Sources */,
				13B07F8C1A680F5B00A75B9A /* Frameworks */,
				13B07F8E1A680F5B00A75B9A /* Resources */,
				00DD1BFF1BD5951E006B06BC /* Bundle React Native code and images */,
			);
			buildRules = (
			);
			dependencies = (
			);
			name = loginApp;
			productName = loginApp;
			productReference = 13B07F961A680F5B00A75B9A /* loginApp.app */;
			productType = "com.apple.product-type.application";
		};
/* End PBXNativeTarget section */

/* Begin PBXProject section */
		83CBB9F71A601CBA00E9B192 /* Project object */ = {
			isa = PBXProject;
			attributes = {
				LastUpgradeCheck = 1210;
				TargetAttributes = {
					00E356ED1AD99517003FC87E = {
						CreatedOnToolsVersion = 6.2;
						TestTargetID = 13B07F861A680F5B00A75B9A;
					};
					13B07F861A680F5B00A75B9A = {
						LastSwiftMigration = 1120;
					};
				};
			};
			buildConfigurationList = 83CBB9FA1A601CBA00E9B192 /* Build configuration list for PBXProject "loginApp" */;
			compatibilityVersion = "Xcode 12.0";
			developmentRegion = en;
			hasScannedForEncodings = 0;
			knownRegions = (
				en,
				Base,
			);
			mainGroup = 83CBB9F61A601CBA00E9B192;
			productRefGroup = 83CBBA001A601CBA00E9B192 /* Products */;
			projectDirPath = "";
			projectRoot = "";
			targets = (
				13B07F861A680F5B00A75B9A /* loginApp */,
				00E356ED1AD99517003FC87E /* loginAppTests */,
			);
		};
/* End PBXProject section */

/* Begin PBXResourcesBuildPhase section */
		00E356EC1AD99517003FC87E /* Resources */ = {
			isa = PBXResourcesBuildPhase;
			buildActionMask = 2147483647;
			files = (
			);
			runOnlyForDeploymentPostprocessing = 0;
		};
		13B07F8E1A680F5B00A75B9A /* Resources */ = {
			isa = PBXResourcesBuildPhase;
			buildActionMask = 2147483647;
			files = (
				81AB9BB82411601600AC10FF /* LaunchScreen.storyboard in Resources */,
				13B07FBF1A68108700A75B9A /* Images.xcassets in Resources */,
				B13FA81C34B94B2DAD005D11 /* Lato-Black.ttf in Resources */,
				575733AAE02845B48C885461 /* Lato-BlackItalic.ttf in Resources */,
				64B663AD0027439EA868C53F /* Lato-Bold.ttf in Resources */,
				A59FC211846248758A160DC1 /* Lato-BoldItalic.ttf in Resources */,
				CACEAB9FC6D8487BB444A350 /* Lato-Italic.ttf in Resources */,
				17133A84180D48C8A3DEC49F /* Lato-Light.ttf in Resources */,
				A23CE79AD88B4948BC40D4DB /* Lato-LightItalic.ttf in Resources */,
				69ECFFFAAD24407085E1F8FD /* Lato-Regular.ttf in Resources */,
				F7E8E0D4F6584689ABE6ED2E /* Lato-Thin.ttf in Resources */,
				407CA0462FFB4C1380782F38 /* Lato-ThinItalic.ttf in Resources */,
				820FBA1CE78946F8AAF9ECF4 /* Poppins-Black.ttf in Resources */,
				DCC876B07B834553967F7C53 /* Poppins-BlackItalic.ttf in Resources */,
				17A392C621114097A30D3F1A /* Poppins-Bold.ttf in Resources */,
				06BDC1E8D2494A6287AEC76F /* Poppins-BoldItalic.ttf in Resources */,
				C8E252C89A424D419D98F9C0 /* Poppins-ExtraBold.ttf in Resources */,
				7F7113E9CABA49489E801A3A /* Poppins-ExtraBoldItalic.ttf in Resources */,
				C4F83B4606D84E299E9DF81F /* Poppins-ExtraLight.ttf in Resources */,
				386A2231CB77478DB0B2DF86 /* Poppins-ExtraLightItalic.ttf in Resources */,
				B8D8935A089C4399A0BD4812 /* Poppins-Italic.ttf in Resources */,
				C43236714D494EE69A0663F7 /* Poppins-Light.ttf in Resources */,
				60EC815B09844D20927FA15D /* Poppins-LightItalic.ttf in Resources */,
				EB267BD1CBE44014ACF3A31D /* Poppins-Medium.ttf in Resources */,
				B2E07E1555F244EDB0A7C48E /* Poppins-MediumItalic.ttf in Resources */,
				8C4A3845124943BF91603983 /* Poppins-Regular.ttf in Resources */,
				FE0F20E277DD4E60BD7A1A51 /* Poppins-SemiBold.ttf in Resources */,
				581A634D5DDF49CCB5A9C0C6 /* Poppins-SemiBoldItalic.ttf in Resources */,
				175E0865DEC24B3390C41EFA /* Poppins-Thin.ttf in Resources */,
				B3613AA26A4C43D8BB9DFDCF /* Poppins-ThinItalic.ttf in Resources */,
				3DC664FC39794A1BA81F051F /* AntDesign.ttf in Resources */,
				0207C6FC284242ECB2991BAB /* Entypo.ttf in Resources */,
				C49BF6F42FC64BFC97DCD9E1 /* EvilIcons.ttf in Resources */,
				D556C49BDD384652BCE57DE5 /* Feather.ttf in Resources */,
				AE5BF27FA1EB458A992625BD /* FontAwesome.ttf in Resources */,
				3EB8F3CC374748E1A8F40B1D /* FontAwesome5_Brands.ttf in Resources */,
				DF356AF97A3F494CB4F6CA26 /* FontAwesome5_Regular.ttf in Resources */,
				D309BF0E26F1438DAAA17B48 /* FontAwesome5_Solid.ttf in Resources */,
				97CD5FBF66C14EA49C17976A /* Fontisto.ttf in Resources */,
				A8CE701A97204594B333D953 /* Foundation.ttf in Resources */,
				E80D4B5614A446ADBB2B4DC2 /* Ionicons.ttf in Resources */,
				6E56CE3E1D704812B983E08E /* MaterialCommunityIcons.ttf in Resources */,
				7B0FCB7315AE47558AF3705B /* MaterialIcons.ttf in Resources */,
				4D29534299FF4EB0A4926FF9 /* Octicons.ttf in Resources */,
				0548ADC1FD7A4AAF96A38EF3 /* SimpleLineIcons.ttf in Resources */,
				9600D1632AF346978F295445 /* Zocial.ttf in Resources */,
			);
			runOnlyForDeploymentPostprocessing = 0;
		};
/* End PBXResourcesBuildPhase section */

/* Begin PBXShellScriptBuildPhase section */
		00DD1BFF1BD5951E006B06BC /* Bundle React Native code and images */ = {
			isa = PBXShellScriptBuildPhase;
			buildActionMask = 2147483647;
			files = (
			);
			inputPaths = (
			);
			name = "Bundle React Native code and images";
			outputPaths = (
			);
			runOnlyForDeploymentPostprocessing = 0;
			shellPath = /bin/sh;
			shellScript = "set -e\n\nexport NODE_BINARY=node\n../node_modules/react-native/scripts/react-native-xcode.sh\n";
		};
		FD10A7F022414F080027D42C /* Start Packager */ = {
			isa = PBXShellScriptBuildPhase;
			buildActionMask = 2147483647;
			files = (
			);
			inputFileListPaths = (
			);
			inputPaths = (
			);
			name = "Start Packager";
			outputFileListPaths = (
			);
			outputPaths = (
			);
			runOnlyForDeploymentPostprocessing = 0;
			shellPath = /bin/sh;
			shellScript = "export RCT_METRO_PORT=\"${RCT_METRO_PORT:=8081}\"\necho \"export RCT_METRO_PORT=${RCT_METRO_PORT}\" > \"${SRCROOT}/../node_modules/react-native/scripts/.packager.env\"\nif [ -z \"${RCT_NO_LAUNCH_PACKAGER+xxx}\" ] ; then\n  if nc -w 5 -z localhost ${RCT_METRO_PORT} ; then\n    if ! curl -s \"http://localhost:${RCT_METRO_PORT}/status\" | grep -q \"packager-status:running\" ; then\n      echo \"Port ${RCT_METRO_PORT} already in use, packager is either not running or not running correctly\"\n      exit 2\n    fi\n  else\n    open \"$SRCROOT/../node_modules/react-native/scripts/launchPackager.command\" || echo \"Can't start packager automatically\"\n  fi\nfi\n";
			showEnvVarsInLog = 0;
		};
/* End PBXShellScriptBuildPhase section */

/* Begin PBXSourcesBuildPhase section */
		00E356EA1AD99517003FC87E /* Sources */ = {
			isa = PBXSourcesBuildPhase;
			buildActionMask = 2147483647;
			files = (
				00E356F31AD99517003FC87E /* loginAppTests.m in Sources */,
			);
			runOnlyForDeploymentPostprocessing = 0;
		};
		13B07F871A680F5B00A75B9A /* Sources */ = {
			isa = PBXSourcesBuildPhase;
			buildActionMask = 2147483647;
			files = (
				13B07FBC1A68108700A75B9A /* AppDelegate.m in Sources */,
				13B07FC11A68108700A75B9A /* main.m in Sources */,
			);
			runOnlyForDeploymentPostprocessing = 0;
		};
/* End PBXSourcesBuildPhase section */

/* Begin PBXTargetDependency section */
		00E356F51AD99517003FC87E /* PBXTargetDependency */ = {
			isa = PBXTargetDependency;
			target = 13B07F861A680F5B00A75B9A /* loginApp */;
			targetProxy = 00E356F41AD99517003FC87E /* PBXContainerItemProxy */;
		};
/* End PBXTargetDependency section */

/* Begin XCBuildConfiguration section */
		00E356F61AD99517003FC87E /* Debug */ = {
			isa = XCBuildConfiguration;
			buildSettings = {
				BUNDLE_LOADER = "$(TEST_HOST)";
				GCC_PREPROCESSOR_DEFINITIONS = (
					"DEBUG=1",
					"$(inherited)",
				);
				INFOPLIST_FILE = loginAppTests/Info.plist;
				IPHONEOS_DEPLOYMENT_TARGET = 11.0;
				LD_RUNPATH_SEARCH_PATHS = (
					"$(inherited)",
					"@executable_path/Frameworks",
					"@loader_path/Frameworks",
				);
				OTHER_LDFLAGS = (
					"-ObjC",
					"-lc++",
					"$(inherited)",
				);
				PRODUCT_BUNDLE_IDENTIFIER = "org.reactjs.native.example.$(PRODUCT_NAME:rfc1034identifier)";
				PRODUCT_NAME = "$(TARGET_NAME)";
				TEST_HOST = "$(BUILT_PRODUCTS_DIR)/loginApp.app/loginApp";
			};
			name = Debug;
		};
		00E356F71AD99517003FC87E /* Release */ = {
			isa = XCBuildConfiguration;
			buildSettings = {
				BUNDLE_LOADER = "$(TEST_HOST)";
				COPY_PHASE_STRIP = NO;
				INFOPLIST_FILE = loginAppTests/Info.plist;
				IPHONEOS_DEPLOYMENT_TARGET = 11.0;
				LD_RUNPATH_SEARCH_PATHS = (
					"$(inherited)",
					"@executable_path/Frameworks",
					"@loader_path/Frameworks",
				);
				OTHER_LDFLAGS = (
					"-ObjC",
					"-lc++",
					"$(inherited)",
				);
				PRODUCT_BUNDLE_IDENTIFIER = "org.reactjs.native.example.$(PRODUCT_NAME:rfc1034identifier)";
				PRODUCT_NAME = "$(TARGET_NAME)";
				TEST_HOST = "$(BUILT_PRODUCTS_DIR)/loginApp.app/loginApp";
			};
			name = Release;
		};
		13B07F941A680F5B00A75B9A /* Debug */ = {
			isa = XCBuildConfiguration;
			buildSettings = {
				ASSETCATALOG_COMPILER_APPICON_NAME = AppIcon;
				CLANG_ENABLE_MODULES = YES;
				CURRENT_PROJECT_VERSION = 1;
				ENABLE_BITCODE = NO;
				INFOPLIST_FILE = loginApp/Info.plist;
				LD_RUNPATH_SEARCH_PATHS = (
					"$(inherited)",
					"@executable_path/Frameworks",
				);
				OTHER_LDFLAGS = (
					"$(inherited)",
					"-ObjC",
					"-lc++",
				);
				PRODUCT_BUNDLE_IDENTIFIER = "org.reactjs.native.example.$(PRODUCT_NAME:rfc1034identifier)";
				PRODUCT_NAME = loginApp;
				SWIFT_OPTIMIZATION_LEVEL = "-Onone";
				SWIFT_VERSION = 5.0;
				VERSIONING_SYSTEM = "apple-generic";
			};
			name = Debug;
		};
		13B07F951A680F5B00A75B9A /* Release */ = {
			isa = XCBuildConfiguration;
			buildSettings = {
				ASSETCATALOG_COMPILER_APPICON_NAME = AppIcon;
				CLANG_ENABLE_MODULES = YES;
				CURRENT_PROJECT_VERSION = 1;
				INFOPLIST_FILE = loginApp/Info.plist;
				LD_RUNPATH_SEARCH_PATHS = (
					"$(inherited)",
					"@executable_path/Frameworks",
				);
				OTHER_LDFLAGS = (
					"$(inherited)",
					"-ObjC",
					"-lc++",
				);
				PRODUCT_BUNDLE_IDENTIFIER = "org.reactjs.native.example.$(PRODUCT_NAME:rfc1034identifier)";
				PRODUCT_NAME = loginApp;
				SWIFT_VERSION = 5.0;
				VERSIONING_SYSTEM = "apple-generic";
			};
			name = Release;
		};
		83CBBA201A601CBA00E9B192 /* Debug */ = {
			isa = XCBuildConfiguration;
			buildSettings = {
				ALWAYS_SEARCH_USER_PATHS = NO;
				CLANG_ANALYZER_LOCALIZABILITY_NONLOCALIZED = YES;
				CLANG_CXX_LANGUAGE_STANDARD = "gnu++0x";
				CLANG_CXX_LIBRARY = "libc++";
				CLANG_ENABLE_MODULES = YES;
				CLANG_ENABLE_OBJC_ARC = YES;
				CLANG_WARN_BLOCK_CAPTURE_AUTORELEASING = YES;
				CLANG_WARN_BOOL_CONVERSION = YES;
				CLANG_WARN_COMMA = YES;
				CLANG_WARN_CONSTANT_CONVERSION = YES;
				CLANG_WARN_DEPRECATED_OBJC_IMPLEMENTATIONS = YES;
				CLANG_WARN_DIRECT_OBJC_ISA_USAGE = YES_ERROR;
				CLANG_WARN_EMPTY_BODY = YES;
				CLANG_WARN_ENUM_CONVERSION = YES;
				CLANG_WARN_INFINITE_RECURSION = YES;
				CLANG_WARN_INT_CONVERSION = YES;
				CLANG_WARN_NON_LITERAL_NULL_CONVERSION = YES;
				CLANG_WARN_OBJC_IMPLICIT_RETAIN_SELF = YES;
				CLANG_WARN_OBJC_LITERAL_CONVERSION = YES;
				CLANG_WARN_OBJC_ROOT_CLASS = YES_ERROR;
				CLANG_WARN_QUOTED_INCLUDE_IN_FRAMEWORK_HEADER = YES;
				CLANG_WARN_RANGE_LOOP_ANALYSIS = YES;
				CLANG_WARN_STRICT_PROTOTYPES = YES;
				CLANG_WARN_SUSPICIOUS_MOVE = YES;
				CLANG_WARN_UNREACHABLE_CODE = YES;
				CLANG_WARN__DUPLICATE_METHOD_MATCH = YES;
				"CODE_SIGN_IDENTITY[sdk=iphoneos*]" = "iPhone Developer";
				COPY_PHASE_STRIP = NO;
				ENABLE_STRICT_OBJC_MSGSEND = YES;
				ENABLE_TESTABILITY = YES;
				GCC_C_LANGUAGE_STANDARD = gnu99;
				GCC_DYNAMIC_NO_PIC = NO;
				GCC_NO_COMMON_BLOCKS = YES;
				GCC_OPTIMIZATION_LEVEL = 0;
				GCC_PREPROCESSOR_DEFINITIONS = (
					"DEBUG=1",
					"$(inherited)",
				);
				GCC_SYMBOLS_PRIVATE_EXTERN = NO;
				GCC_WARN_64_TO_32_BIT_CONVERSION = YES;
				GCC_WARN_ABOUT_RETURN_TYPE = YES_ERROR;
				GCC_WARN_UNDECLARED_SELECTOR = YES;
				GCC_WARN_UNINITIALIZED_AUTOS = YES_AGGRESSIVE;
				GCC_WARN_UNUSED_FUNCTION = YES;
				GCC_WARN_UNUSED_VARIABLE = YES;
				IPHONEOS_DEPLOYMENT_TARGET = 11.0;
				LD_RUNPATH_SEARCH_PATHS = (
					/usr/lib/swift,
					"$(inherited)",
				);
				LIBRARY_SEARCH_PATHS = (
					"\"$(SDKROOT)/usr/lib/swift\"",
					"\"$(TOOLCHAIN_DIR)/usr/lib/swift/$(PLATFORM_NAME)\"",
					"\"$(TOOLCHAIN_DIR)/usr/lib/swift-5.0/$(PLATFORM_NAME)\"",
					"\"$(inherited)\"",
				);
				MTL_ENABLE_DEBUG_INFO = YES;
				ONLY_ACTIVE_ARCH = YES;
				SDKROOT = iphoneos;
			};
			name = Debug;
		};
		83CBBA211A601CBA00E9B192 /* Release */ = {
			isa = XCBuildConfiguration;
			buildSettings = {
				ALWAYS_SEARCH_USER_PATHS = NO;
				CLANG_ANALYZER_LOCALIZABILITY_NONLOCALIZED = YES;
				CLANG_CXX_LANGUAGE_STANDARD = "gnu++0x";
				CLANG_CXX_LIBRARY = "libc++";
				CLANG_ENABLE_MODULES = YES;
				CLANG_ENABLE_OBJC_ARC = YES;
				CLANG_WARN_BLOCK_CAPTURE_AUTORELEASING = YES;
				CLANG_WARN_BOOL_CONVERSION = YES;
				CLANG_WARN_COMMA = YES;
				CLANG_WARN_CONSTANT_CONVERSION = YES;
				CLANG_WARN_DEPRECATED_OBJC_IMPLEMENTATIONS = YES;
				CLANG_WARN_DIRECT_OBJC_ISA_USAGE = YES_ERROR;
				CLANG_WARN_EMPTY_BODY = YES;
				CLANG_WARN_ENUM_CONVERSION = YES;
				CLANG_WARN_INFINITE_RECURSION = YES;
				CLANG_WARN_INT_CONVERSION = YES;
				CLANG_WARN_NON_LITERAL_NULL_CONVERSION = YES;
				CLANG_WARN_OBJC_IMPLICIT_RETAIN_SELF = YES;
				CLANG_WARN_OBJC_LITERAL_CONVERSION = YES;
				CLANG_WARN_OBJC_ROOT_CLASS = YES_ERROR;
				CLANG_WARN_QUOTED_INCLUDE_IN_FRAMEWORK_HEADER = YES;
				CLANG_WARN_RANGE_LOOP_ANALYSIS = YES;
				CLANG_WARN_STRICT_PROTOTYPES = YES;
				CLANG_WARN_SUSPICIOUS_MOVE = YES;
				CLANG_WARN_UNREACHABLE_CODE = YES;
				CLANG_WARN__DUPLICATE_METHOD_MATCH = YES;
				"CODE_SIGN_IDENTITY[sdk=iphoneos*]" = "iPhone Developer";
				COPY_PHASE_STRIP = YES;
				ENABLE_NS_ASSERTIONS = NO;
				ENABLE_STRICT_OBJC_MSGSEND = YES;
				GCC_C_LANGUAGE_STANDARD = gnu99;
				GCC_NO_COMMON_BLOCKS = YES;
				GCC_WARN_64_TO_32_BIT_CONVERSION = YES;
				GCC_WARN_ABOUT_RETURN_TYPE = YES_ERROR;
				GCC_WARN_UNDECLARED_SELECTOR = YES;
				GCC_WARN_UNINITIALIZED_AUTOS = YES_AGGRESSIVE;
				GCC_WARN_UNUSED_FUNCTION = YES;
				GCC_WARN_UNUSED_VARIABLE = YES;
				IPHONEOS_DEPLOYMENT_TARGET = 11.0;
				LD_RUNPATH_SEARCH_PATHS = (
					/usr/lib/swift,
					"$(inherited)",
				);
				LIBRARY_SEARCH_PATHS = (
					"\"$(SDKROOT)/usr/lib/swift\"",
					"\"$(TOOLCHAIN_DIR)/usr/lib/swift/$(PLATFORM_NAME)\"",
					"\"$(TOOLCHAIN_DIR)/usr/lib/swift-5.0/$(PLATFORM_NAME)\"",
					"\"$(inherited)\"",
				);
				MTL_ENABLE_DEBUG_INFO = NO;
				SDKROOT = iphoneos;
				VALIDATE_PRODUCT = YES;
			};
			name = Release;
		};
/* End XCBuildConfiguration section */

/* Begin XCConfigurationList section */
		00E357021AD99517003FC87E /* Build configuration list for PBXNativeTarget "loginAppTests" */ = {
			isa = XCConfigurationList;
			buildConfigurations = (
				00E356F61AD99517003FC87E /* Debug */,
				00E356F71AD99517003FC87E /* Release */,
			);
			defaultConfigurationIsVisible = 0;
			defaultConfigurationName = Release;
		};
		13B07F931A680F5B00A75B9A /* Build configuration list for PBXNativeTarget "loginApp" */ = {
			isa = XCConfigurationList;
			buildConfigurations = (
				13B07F941A680F5B00A75B9A /* Debug */,
				13B07F951A680F5B00A75B9A /* Release */,
			);
			defaultConfigurationIsVisible = 0;
			defaultConfigurationName = Release;
		};
		83CBB9FA1A601CBA00E9B192 /* Build configuration list for PBXProject "loginApp" */ = {
			isa = XCConfigurationList;
			buildConfigurations = (
				83CBBA201A601CBA00E9B192 /* Debug */,
				83CBBA211A601CBA00E9B192 /* Release */,
			);
			defaultConfigurationIsVisible = 0;
			defaultConfigurationName = Release;
		};
/* End XCConfigurationList section */
	};
	rootObject = 83CBB9F71A601CBA00E9B192 /* Project object */;
}
